{
  "name": "angular-migration-presentation",
  "version": "1.0.0",
  "lockfileVersion": 1,
  "requires": true,
  "dependencies": {
    "impress.js": {
      "version": "0.6.0",
      "resolved": "https://registry.npmjs.org/impress.js/-/impress.js-0.6.0.tgz",
      "integrity": "sha1-UhHaSXZAi7W4RO78KRTZ1P6SfpE="
    },
    "typeface-architects-daughter": {
      "version": "0.0.40",
      "resolved": "https://registry.npmjs.org/typeface-architects-daughter/-/typeface-architects-daughter-0.0.40.tgz",
      "integrity": "sha512-Cyf2xyq9cDp59lOnCHszW+fNLFFa+nqwaAMMzp3GIH7DiYjhCGW+fKAJWUFn8LZu5pgze3dzHLIxB4Kdv+ThpA=="
    }
  }
}
